PODS:
  - Flutter (1.0.0)
  - show_confirm_modal (0.0.1):
    - Flutter

DEPENDENCIES:
  - Flutter (from `Flutter`)
  - show_confirm_modal (from `.symlinks/plugins/show_confirm_modal/ios`)

EXTERNAL SOURCES:
  Flutter:
    :path: Flutter
  show_confirm_modal:
    :path: ".symlinks/plugins/show_confirm_modal/ios"

SPEC CHECKSUMS:
  Flutter: f04841e97a9d0b0a8025694d0796dd46242b2854
  show_confirm_modal: 84abd0051905c5131a55c5fab2a345a26923bfe8

PODFILE CHECKSUM: ef19549a9bc3046e7bb7d2fab4d021637c0c58a3

COCOAPODS: 1.11.2
